{
  "name": "flaskProject",
  "version": "1.0.0",
  "lockfileVersion": 1,
  "requires": true,
  "dependencies": {
    "@hprose/io": {
      "version": "3.0.10",
      "resolved": "https://registry.npmjs.org/@hprose/io/-/io-3.0.10.tgz",
      "integrity": "sha512-n4Ej8ntmKTOAQYbYT6I0jKPgIOd/UFTWcL8S95nqk9c5TfDRnwKZoL6pGi9g279PN/nBOmIe+tHkSght6wvlAQ==",
      "requires": {
        "guid-typescript": "^1.0.9"
      }
    },
    "@hprose/rpc-core": {
      "version": "3.0.10",
      "resolved": "https://registry.npmjs.org/@hprose/rpc-core/-/rpc-core-3.0.10.tgz",
      "integrity": "sha512-4NtckZiDbUNifdSZfaTTFQuS7iv/nsivQbhtdrGDJCuxx5oibcXKwj7dPaRwYrX3layWwrqlsyKNYinGIF0O9A==",
      "requires": {
        "@hprose/io": "^3.0.10"
      }
    },
    "@hprose/rpc-node": {
      "version": "3.0.12",
      "resolved": "https://registry.npmjs.org/@hprose/rpc-node/-/rpc-node-3.0.12.tgz",
      "integrity": "sha512-i1+Direfv7d2/3JfCOCBUK9w8cEoG7bsAZtMCK3mdT8LqXejVOhQHlkyWkh0kFoPxAkRZr1u5e2Spq8LJSDCFw==",
      "requires": {
        "@hprose/io": "^3.0.10",
        "@hprose/rpc-core": "^3.0.10",
        "@types/ws": "^6.0.1",
        "ws": "^6.1.2"
      },
      "dependencies": {
        "ws": {
          "version": "6.2.2",
          "resolved": "https://registry.npmjs.org/ws/-/ws-6.2.2.tgz",
          "integrity": "sha512-zmhltoSR8u1cnDsD43TX59mzoMZsLKqUweyYBAIvTngR3shc0W6aOZylZmq/7hqyVxPdi+5Ud2QInblgyE72fw==",
          "requires": {
            "async-limiter": "~1.0.0"
          }
        }
      }
    },
    "@types/node": {
      "version": "18.15.3",
      "resolved": "https://registry.npmjs.org/@types/node/-/node-18.15.3.tgz",
      "integrity": "sha512-p6ua9zBxz5otCmbpb5D3U4B5Nanw6Pk3PPyX05xnxbB/fRv71N7CPmORg7uAD5P70T0xmx1pzAx/FUfa5X+3cw=="
    },
    "@types/ws": {
      "version": "6.0.4",
      "resolved": "https://registry.npmjs.org/@types/ws/-/ws-6.0.4.tgz",
      "integrity": "sha512-PpPrX7SZW9re6+Ha8ojZG4Se8AZXgf0GK6zmfqEuCsY49LFDNXO3SByp44X3dFEqtB73lkCDAdUazhAjVPiNwg==",
      "requires": {
        "@types/node": "*"
      }
    },
    "async-limiter": {
      "version": "1.0.1",
      "resolved": "https://registry.npmjs.org/async-limiter/-/async-limiter-1.0.1.tgz",
      "integrity": "sha512-csOlWGAcRFJaI6m+F2WKdnMKr4HhdhFVBk0H/QbJFMCr+uO2kwohwXQPxw/9OCxp05r5ghVBFSyioixx3gfkNQ=="
    },
    "guid-typescript": {
      "version": "1.0.9",
      "resolved": "https://registry.npmjs.org/guid-typescript/-/guid-typescript-1.0.9.tgz",
      "integrity": "sha512-Y8T4vYhEfwJOTbouREvG+3XDsjr8E3kIr7uf+JZ0BYloFsttiHU0WfvANVsR7TxNUJa/WpCnw/Ino/p+DeBhBQ=="
    },
    "hprose": {
      "version": "2.0.51",
      "resolved": "https://registry.npmjs.org/hprose/-/hprose-2.0.51.tgz",
      "integrity": "sha512-yZHm1QhYg7UW7/9cggGOFAVbpPslVqIZz7Dyk0tql44V5ZocRXfDqOsUo9EVcWSDeuatUK6aUbSnCMZdp02VOQ==",
      "requires": {
        "ws": ">=4.0.0"
      }
    },
    "ip": {
      "version": "1.1.8",
      "resolved": "https://registry.npmjs.org/ip/-/ip-1.1.8.tgz",
      "integrity": "sha512-PuExPYUiu6qMBQb4l06ecm6T6ujzhmh+MeJcW9wa89PoAz5pvd4zPgN5WJV104mb6S2T1AwNIAaB70JNrLQWhg=="
    },
    "ws": {
      "version": "8.13.0",
      "resolved": "https://registry.npmjs.org/ws/-/ws-8.13.0.tgz",
      "integrity": "sha512-x9vcZYTrFPC7aSIbj7sRCYo7L/Xb8Iy+pW0ng0wt2vCJv7M9HOMy0UoN3rr+IFC7hb7vXoqS+P9ktyLLLhO+LA==",
      "optional": true
    }
  }
}
